{
  "version": 4,
  "terraform_version": "1.7.3",
  "serial": 15,
  "lineage": "3feb8d12-1199-61cf-a9ae-f3994d206d84",
  "outputs": {
    "endpoint": {
      "value": "https://E61115AD9AA28C5B1D886913CB7BBC0E.sk1.us-east-2.eks.amazonaws.com",
      "type": "string"
    },
    "kubeconfig-certificate-authority-data": {
      "value": "LS0tLS1CRUdJTiBDRVJUSUZJQ0FURS0tLS0tCk1JSURCVENDQWUyZ0F3SUJBZ0lJTU5SSXpuTWRVOEF3RFFZSktvWklodmNOQVFFTEJRQXdGVEVUTUJFR0ExVUUKQXhNS2EzVmlaWEp1WlhSbGN6QWVGdzB5TkRBek1qY3dORFF6TlRoYUZ3MHpOREF6TWpVd05EUTROVGhhTUJVeApFekFSQmdOVkJBTVRDbXQxWW1WeWJtVjBaWE13Z2dFaU1BMEdDU3FHU0liM0RRRUJBUVVBQTRJQkR3QXdnZ0VLCkFvSUJBUUNienVFanZtZUQxTWJZOVhxNStYd2t4ZnJ5Q3A0Vmh3Mnl4QmtmRk52OWhtU1ovNnZ0M0hWdENhVnUKbWxxZnJoTjl3b2NIRmJEYmxscTlRK0hEOEMwdksxQVhPYVpoRVB6d2ZiVjhnbEN3SW9iVkROczVyaFJJaVdGOQp4Z1V3aGdRVEJ6YVduV1RUVmVnakw1OXZ1aC9IVEpoNXBtYXRtSzRwbWE1QmRWTlZ6WWdWMTQ2QXdCQXUwT3paCjFQRDVoaXBGaXJpNi9CVGdTeXdHZ0YyNFRaUlB0bEpMbjlkWWRlbWR3ak5hbG1jajhSa1h1QkEzYmhveTZLbkoKN2VJYkhzZEEzMXpEOEdFdWtnNDdYYUU0azRUN29CQnZkSDNJTmVPMjdSQ1NodlhKYWJqaVZiaXZodU5NeHdVawozQy9JRFJrazVqdlp0VUtlbXV6bnlwK0tLNW5MQWdNQkFBR2pXVEJYTUE0R0ExVWREd0VCL3dRRUF3SUNwREFQCkJnTlZIUk1CQWY4RUJUQURBUUgvTUIwR0ExVWREZ1FXQkJTSjRlUUZkNWFTRENjaTVPWTdzZ0pXbmFuODBEQVYKQmdOVkhSRUVEakFNZ2dwcmRXSmxjbTVsZEdWek1BMEdDU3FHU0liM0RRRUJDd1VBQTRJQkFRQlZVdGtNaHVDQwpnb1dKV2xEeDZOd1lTeUwwV01ISU5IL0NHNGZFYmFESm95ZWIyeU5nSCtuRTFYNHQrSW9KVDBIam5hanhabk1MCmVZNEVETnZnTisxY1N2Y05FeVkvU3Z3QmdUa0VtRDVMZC9nL0ltUmMrVE9xSGNMcDVRckxNbVM2ZWNZNjE2K1kKcGxFRVFEOTZNa2NocWcxaVJoSkhrSDNsemJScllkL3dZZTNHOVBSL2NpZy9VNlNGemRZTlE1MTdHQ3greVhVVApGSC9jd1E0YW55cHZKN3RRcUJzclhWOEZoVThSYlZidGhWeklzSTlvQWpiYkpYM2dic2dLT1I0NDBGNVk4a2FTCkZHb3N4SUM5T1JNYUVLNlZuRCtEbi9vVkJuRnBRT0tmUFVxU0F5bjRmdmtvSjZPcDFTMlN5Zk1VaG1keTdGWDcKWXB5WXhNanZKTStvCi0tLS0tRU5EIENFUlRJRklDQVRFLS0tLS0K",
      "type": "string"
    }
  },
  "resources": [
    {
      "mode": "data",
      "type": "aws_iam_policy_document",
      "name": "assume_node_role",
      "provider": "provider[\"registry.terraform.io/hashicorp/aws\"]",
      "instances": [
        {
          "schema_version": 0,
          "attributes": {
            "id": "2851119427",
            "json": "{\n  \"Version\": \"2012-10-17\",\n  \"Statement\": [\n    {\n      \"Effect\": \"Allow\",\n      \"Action\": \"sts:AssumeRole\",\n      \"Principal\": {\n        \"Service\": \"ec2.amazonaws.com\"\n      }\n    }\n  ]\n}",
            "override_json": null,
            "override_policy_documents": null,
            "policy_id": null,
            "source_json": null,
            "source_policy_documents": null,
            "statement": [
              {
                "actions": [
                  "sts:AssumeRole"
                ],
                "condition": [],
                "effect": "Allow",
                "not_actions": [],
                "not_principals": [],
                "not_resources": [],
                "principals": [
                  {
                    "identifiers": [
                      "ec2.amazonaws.com"
                    ],
                    "type": "Service"
                  }
                ],
                "resources": [],
                "sid": ""
              }
            ],
            "version": "2012-10-17"
          },
          "sensitive_attributes": []
        }
      ]
    },
    {
      "mode": "data",
      "type": "aws_iam_policy_document",
      "name": "assume_role",
      "provider": "provider[\"registry.terraform.io/hashicorp/aws\"]",
      "instances": [
        {
          "schema_version": 0,
          "attributes": {
            "id": "3552664922",
            "json": "{\n  \"Version\": \"2012-10-17\",\n  \"Statement\": [\n    {\n      \"Effect\": \"Allow\",\n      \"Action\": \"sts:AssumeRole\",\n      \"Principal\": {\n        \"Service\": \"eks.amazonaws.com\"\n      }\n    }\n  ]\n}",
            "override_json": null,
            "override_policy_documents": null,
            "policy_id": null,
            "source_json": null,
            "source_policy_documents": null,
            "statement": [
              {
                "actions": [
                  "sts:AssumeRole"
                ],
                "condition": [],
                "effect": "Allow",
                "not_actions": [],
                "not_principals": [],
                "not_resources": [],
                "principals": [
                  {
                    "identifiers": [
                      "eks.amazonaws.com"
                    ],
                    "type": "Service"
                  }
                ],
                "resources": [],
                "sid": ""
              }
            ],
            "version": "2012-10-17"
          },
          "sensitive_attributes": []
        }
      ]
    },
    {
      "mode": "data",
      "type": "aws_subnets",
      "name": "available-subnets",
      "provider": "provider[\"registry.terraform.io/hashicorp/aws\"]",
      "instances": [
        {
          "schema_version": 0,
          "attributes": {
            "filter": [
              {
                "name": "tag:Name",
                "values": [
                  "p2",
                  "public"
                ]
              }
            ],
            "id": "us-east-2",
            "ids": [
              "subnet-08ad4740e850f91f7",
              "subnet-08333227b30057d22"
            ],
            "tags": null,
            "timeouts": null
          },
          "sensitive_attributes": []
        }
      ]
    },
    {
      "mode": "managed",
      "type": "aws_eks_cluster",
      "name": "k8scluster",
      "provider": "provider[\"registry.terraform.io/hashicorp/aws\"]",
      "instances": [
        {
          "schema_version": 0,
          "attributes": {
            "access_config": [
              {
                "authentication_mode": "CONFIG_MAP",
                "bootstrap_cluster_creator_admin_permissions": false
              }
            ],
            "arn": "arn:aws:eks:us-east-2:357541362906:cluster/k8s",
            "certificate_authority": [
              {
                "data": "LS0tLS1CRUdJTiBDRVJUSUZJQ0FURS0tLS0tCk1JSURCVENDQWUyZ0F3SUJBZ0lJTU5SSXpuTWRVOEF3RFFZSktvWklodmNOQVFFTEJRQXdGVEVUTUJFR0ExVUUKQXhNS2EzVmlaWEp1WlhSbGN6QWVGdzB5TkRBek1qY3dORFF6TlRoYUZ3MHpOREF6TWpVd05EUTROVGhhTUJVeApFekFSQmdOVkJBTVRDbXQxWW1WeWJtVjBaWE13Z2dFaU1BMEdDU3FHU0liM0RRRUJBUVVBQTRJQkR3QXdnZ0VLCkFvSUJBUUNienVFanZtZUQxTWJZOVhxNStYd2t4ZnJ5Q3A0Vmh3Mnl4QmtmRk52OWhtU1ovNnZ0M0hWdENhVnUKbWxxZnJoTjl3b2NIRmJEYmxscTlRK0hEOEMwdksxQVhPYVpoRVB6d2ZiVjhnbEN3SW9iVkROczVyaFJJaVdGOQp4Z1V3aGdRVEJ6YVduV1RUVmVnakw1OXZ1aC9IVEpoNXBtYXRtSzRwbWE1QmRWTlZ6WWdWMTQ2QXdCQXUwT3paCjFQRDVoaXBGaXJpNi9CVGdTeXdHZ0YyNFRaUlB0bEpMbjlkWWRlbWR3ak5hbG1jajhSa1h1QkEzYmhveTZLbkoKN2VJYkhzZEEzMXpEOEdFdWtnNDdYYUU0azRUN29CQnZkSDNJTmVPMjdSQ1NodlhKYWJqaVZiaXZodU5NeHdVawozQy9JRFJrazVqdlp0VUtlbXV6bnlwK0tLNW5MQWdNQkFBR2pXVEJYTUE0R0ExVWREd0VCL3dRRUF3SUNwREFQCkJnTlZIUk1CQWY4RUJUQURBUUgvTUIwR0ExVWREZ1FXQkJTSjRlUUZkNWFTRENjaTVPWTdzZ0pXbmFuODBEQVYKQmdOVkhSRUVEakFNZ2dwcmRXSmxjbTVsZEdWek1BMEdDU3FHU0liM0RRRUJDd1VBQTRJQkFRQlZVdGtNaHVDQwpnb1dKV2xEeDZOd1lTeUwwV01ISU5IL0NHNGZFYmFESm95ZWIyeU5nSCtuRTFYNHQrSW9KVDBIam5hanhabk1MCmVZNEVETnZnTisxY1N2Y05FeVkvU3Z3QmdUa0VtRDVMZC9nL0ltUmMrVE9xSGNMcDVRckxNbVM2ZWNZNjE2K1kKcGxFRVFEOTZNa2NocWcxaVJoSkhrSDNsemJScllkL3dZZTNHOVBSL2NpZy9VNlNGemRZTlE1MTdHQ3greVhVVApGSC9jd1E0YW55cHZKN3RRcUJzclhWOEZoVThSYlZidGhWeklzSTlvQWpiYkpYM2dic2dLT1I0NDBGNVk4a2FTCkZHb3N4SUM5T1JNYUVLNlZuRCtEbi9vVkJuRnBRT0tmUFVxU0F5bjRmdmtvSjZPcDFTMlN5Zk1VaG1keTdGWDcKWXB5WXhNanZKTStvCi0tLS0tRU5EIENFUlRJRklDQVRFLS0tLS0K"
              }
            ],
            "cluster_id": null,
            "created_at": "2024-03-27 04:44:34.642 +0000 UTC",
            "enabled_cluster_log_types": null,
            "encryption_config": [],
            "endpoint": "https://E61115AD9AA28C5B1D886913CB7BBC0E.sk1.us-east-2.eks.amazonaws.com",
            "id": "k8s",
            "identity": [
              {
                "oidc": [
                  {
                    "issuer": "https://oidc.eks.us-east-2.amazonaws.com/id/E61115AD9AA28C5B1D886913CB7BBC0E"
                  }
                ]
              }
            ],
            "kubernetes_network_config": [
              {
                "ip_family": "ipv4",
                "service_ipv4_cidr": "10.100.0.0/16",
                "service_ipv6_cidr": ""
              }
            ],
            "name": "k8s",
            "outpost_config": [],
            "platform_version": "eks.5",
            "role_arn": "arn:aws:iam::357541362906:role/eks-cluster-example",
            "status": "ACTIVE",
            "tags": null,
            "tags_all": {},
            "timeouts": null,
            "version": "1.29",
            "vpc_config": [
              {
                "cluster_security_group_id": "sg-0a499b14f313e5b11",
                "endpoint_private_access": false,
                "endpoint_public_access": true,
                "public_access_cidrs": [
                  "0.0.0.0/0"
                ],
                "security_group_ids": null,
                "subnet_ids": [
                  "subnet-08333227b30057d22",
                  "subnet-08ad4740e850f91f7"
                ],
                "vpc_id": "vpc-094db98cfd04e44b2"
              }
            ]
          },
          "sensitive_attributes": [],
          "private": "eyJlMmJmYjczMC1lY2FhLTExZTYtOGY4OC0zNDM2M2JjN2M0YzAiOnsiY3JlYXRlIjoxODAwMDAwMDAwMDAwLCJkZWxldGUiOjkwMDAwMDAwMDAwMCwidXBkYXRlIjozNjAwMDAwMDAwMDAwfX0=",
          "dependencies": [
            "aws_iam_role.example",
            "aws_iam_role_policy_attachment.example-AmazonEKSClusterPolicy",
            "aws_iam_role_policy_attachment.example-AmazonEKSVPCResourceController",
            "data.aws_iam_policy_document.assume_role",
            "data.aws_subnets.available-subnets"
          ]
        }
      ]
    },
    {
      "mode": "managed",
      "type": "aws_eks_node_group",
      "name": "node-grp",
      "provider": "provider[\"registry.terraform.io/hashicorp/aws\"]",
      "instances": [
        {
          "status": "tainted",
          "schema_version": 0,
          "attributes": {
            "ami_type": null,
            "arn": null,
            "capacity_type": "ON_DEMAND",
            "cluster_name": "k8s",
            "disk_size": 8,
            "force_update_version": null,
            "id": "k8s:pc-node-group",
            "instance_types": [
              "t2.micro"
            ],
            "labels": {
              "env": "dev"
            },
            "launch_template": [],
            "node_group_name": "pc-node-group",
            "node_group_name_prefix": null,
            "node_role_arn": "arn:aws:iam::357541362906:role/eks-node-role",
            "release_version": null,
            "remote_access": [],
            "resources": null,
            "scaling_config": [
              {
                "desired_size": 2,
                "max_size": 3,
                "min_size": 1
              }
            ],
            "status": null,
            "subnet_ids": [
              "subnet-08333227b30057d22",
              "subnet-08ad4740e850f91f7"
            ],
            "tags": null,
            "tags_all": null,
            "taint": [],
            "timeouts": null,
            "update_config": [
              {
                "max_unavailable": 1,
                "max_unavailable_percentage": 0
              }
            ],
            "version": null
          },
          "sensitive_attributes": [],
          "private": "eyJlMmJmYjczMC1lY2FhLTExZTYtOGY4OC0zNDM2M2JjN2M0YzAiOnsiY3JlYXRlIjozNjAwMDAwMDAwMDAwLCJkZWxldGUiOjM2MDAwMDAwMDAwMDAsInVwZGF0ZSI6MzYwMDAwMDAwMDAwMH19",
          "dependencies": [
            "aws_eks_cluster.k8scluster",
            "aws_iam_role.example",
            "aws_iam_role.worker",
            "aws_iam_role_policy_attachment.example-AmazonEKSClusterPolicy",
            "aws_iam_role_policy_attachment.example-AmazonEKSVPCResourceController",
            "data.aws_iam_policy_document.assume_node_role",
            "data.aws_iam_policy_document.assume_role",
            "data.aws_subnets.available-subnets"
          ]
        }
      ]
    },
    {
      "mode": "managed",
      "type": "aws_iam_role",
      "name": "example",
      "provider": "provider[\"registry.terraform.io/hashicorp/aws\"]",
      "instances": [
        {
          "schema_version": 0,
          "attributes": {
            "arn": "arn:aws:iam::357541362906:role/eks-cluster-example",
            "assume_role_policy": "{\"Statement\":[{\"Action\":\"sts:AssumeRole\",\"Effect\":\"Allow\",\"Principal\":{\"Service\":\"eks.amazonaws.com\"}}],\"Version\":\"2012-10-17\"}",
            "create_date": "2024-03-27T04:35:31Z",
            "description": "",
            "force_detach_policies": false,
            "id": "eks-cluster-example",
            "inline_policy": [],
            "managed_policy_arns": [
              "arn:aws:iam::aws:policy/AmazonEKSClusterPolicy",
              "arn:aws:iam::aws:policy/AmazonEKSVPCResourceController"
            ],
            "max_session_duration": 3600,
            "name": "eks-cluster-example",
            "name_prefix": "",
            "path": "/",
            "permissions_boundary": "",
            "tags": {},
            "tags_all": {},
            "unique_id": "AROAVGPZAHTNL52KWNAPO"
          },
          "sensitive_attributes": [],
          "private": "bnVsbA==",
          "dependencies": [
            "data.aws_iam_policy_document.assume_role"
          ]
        }
      ]
    },
    {
      "mode": "managed",
      "type": "aws_iam_role",
      "name": "worker",
      "provider": "provider[\"registry.terraform.io/hashicorp/aws\"]",
      "instances": [
        {
          "schema_version": 0,
          "attributes": {
            "arn": "arn:aws:iam::357541362906:role/eks-node-role",
            "assume_role_policy": "{\"Statement\":[{\"Action\":\"sts:AssumeRole\",\"Effect\":\"Allow\",\"Principal\":{\"Service\":\"ec2.amazonaws.com\"}}],\"Version\":\"2012-10-17\"}",
            "create_date": "2024-03-27T04:35:31Z",
            "description": "",
            "force_detach_policies": false,
            "id": "eks-node-role",
            "inline_policy": [],
            "managed_policy_arns": [],
            "max_session_duration": 3600,
            "name": "eks-node-role",
            "name_prefix": "",
            "path": "/",
            "permissions_boundary": "",
            "tags": {},
            "tags_all": {},
            "unique_id": "AROAVGPZAHTNB67ND5R6G"
          },
          "sensitive_attributes": [],
          "private": "bnVsbA==",
          "dependencies": [
            "data.aws_iam_policy_document.assume_node_role"
          ]
        }
      ]
    },
    {
      "mode": "managed",
      "type": "aws_iam_role_policy_attachment",
      "name": "example-AmazonEKSClusterPolicy",
      "provider": "provider[\"registry.terraform.io/hashicorp/aws\"]",
      "instances": [
        {
          "schema_version": 0,
          "attributes": {
            "id": "eks-cluster-example-20240327043605341200000002",
            "policy_arn": "arn:aws:iam::aws:policy/AmazonEKSClusterPolicy",
            "role": "eks-cluster-example"
          },
          "sensitive_attributes": [],
          "private": "bnVsbA==",
          "dependencies": [
            "aws_iam_role.example",
            "data.aws_iam_policy_document.assume_role"
          ]
        }
      ]
    },
    {
      "mode": "managed",
      "type": "aws_iam_role_policy_attachment",
      "name": "example-AmazonEKSVPCResourceController",
      "provider": "provider[\"registry.terraform.io/hashicorp/aws\"]",
      "instances": [
        {
          "schema_version": 0,
          "attributes": {
            "id": "eks-cluster-example-20240327043605324600000001",
            "policy_arn": "arn:aws:iam::aws:policy/AmazonEKSVPCResourceController",
            "role": "eks-cluster-example"
          },
          "sensitive_attributes": [],
          "private": "bnVsbA==",
          "dependencies": [
            "aws_iam_role.example",
            "data.aws_iam_policy_document.assume_role"
          ]
        }
      ]
    }
  ],
  "check_results": null
}
